Microsoft Visual Studio Solution File, Format Version 12.00
Project("{FAE04EC0-301F-11D3-BF4B-00C04F79EFBC}") = "HotelApp.Api", "HotelApp.Api\HotelApp.Api.csproj", "{F4A3228C-F47F-48ED-8D9D-D17373D54D99}"
EndProject
Project("{FAE04EC0-301F-11D3-BF4B-00C04F79EFBC}") = "HotelApp.Domain", "HotelApp.Domain\HotelApp.Domain.csproj", "{4F4A7520-1D66-4B1A-8021-4E36C3495880}"
EndProject
Project("{FAE04EC0-301F-11D3-BF4B-00C04F79EFBC}") = "HotelApp.Application", "HotelApp.Application\HotelApp.Application.csproj", "{3CAB8EEC-E845-4839-9938-674A3084B0EB}"
EndProject
Project("{FAE04EC0-301F-11D3-BF4B-00C04F79EFBC}") = "HotelApp.Infrastructure", "HotelApp.Infrastructure\HotelApp.Infrastructure.csproj", "{32090C12-D410-4B2D-A2FC-F72A43395399}"
EndProject
Project("{2150E333-8FDC-42A3-9474-1A3956D46DE8}") = "docker", "docker", "{02FE9286-3613-41C2-B8B8-AB7D54E300C1}"
	ProjectSection(SolutionItems) = preProject
		Dockerfile = Dockerfile
		docker-compose.yml = docker-compose.yml
	EndProjectSection
EndProject
Global
	GlobalSection(SolutionConfigurationPlatforms) = preSolution
		Debug|Any CPU = Debug|Any CPU
		Debug|x64 = Debug|x64
		Debug|x86 = Debug|x86
		Release|Any CPU = Release|Any CPU
		Release|x64 = Release|x64
		Release|x86 = Release|x86
	EndGlobalSection
	GlobalSection(ProjectConfigurationPlatforms) = postSolution
		{F4A3228C-F47F-48ED-8D9D-D17373D54D99}.Debug|Any CPU.ActiveCfg = Debug|Any CPU
		{F4A3228C-F47F-48ED-8D9D-D17373D54D99}.Debug|Any CPU.Build.0 = Debug|Any CPU
		{F4A3228C-F47F-48ED-8D9D-D17373D54D99}.Debug|x64.ActiveCfg = Debug|Any CPU
		{F4A3228C-F47F-48ED-8D9D-D17373D54D99}.Debug|x64.Build.0 = Debug|Any CPU
		{F4A3228C-F47F-48ED-8D9D-D17373D54D99}.Debug|x86.ActiveCfg = Debug|Any CPU
		{F4A3228C-F47F-48ED-8D9D-D17373D54D99}.Debug|x86.Build.0 = Debug|Any CPU
		{F4A3228C-F47F-48ED-8D9D-D17373D54D99}.Release|Any CPU.ActiveCfg = Release|Any CPU
		{F4A3228C-F47F-48ED-8D9D-D17373D54D99}.Release|Any CPU.Build.0 = Release|Any CPU
		{F4A3228C-F47F-48ED-8D9D-D17373D54D99}.Release|x64.ActiveCfg = Release|Any CPU
		{F4A3228C-F47F-48ED-8D9D-D17373D54D99}.Release|x64.Build.0 = Release|Any CPU
		{F4A3228C-F47F-48ED-8D9D-D17373D54D99}.Release|x86.ActiveCfg = Release|Any CPU
		{F4A3228C-F47F-48ED-8D9D-D17373D54D99}.Release|x86.Build.0 = Release|Any CPU
		{4F4A7520-1D66-4B1A-8021-4E36C3495880}.Debug|Any CPU.ActiveCfg = Debug|Any CPU
		{4F4A7520-1D66-4B1A-8021-4E36C3495880}.Debug|Any CPU.Build.0 = Debug|Any CPU
		{4F4A7520-1D66-4B1A-8021-4E36C3495880}.Debug|x64.ActiveCfg = Debug|Any CPU
		{4F4A7520-1D66-4B1A-8021-4E36C3495880}.Debug|x64.Build.0 = Debug|Any CPU
		{4F4A7520-1D66-4B1A-8021-4E36C3495880}.Debug|x86.ActiveCfg = Debug|Any CPU
		{4F4A7520-1D66-4B1A-8021-4E36C3495880}.Debug|x86.Build.0 = Debug|Any CPU
		{4F4A7520-1D66-4B1A-8021-4E36C3495880}.Release|Any CPU.ActiveCfg = Release|Any CPU
		{4F4A7520-1D66-4B1A-8021-4E36C3495880}.Release|Any CPU.Build.0 = Release|Any CPU
		{4F4A7520-1D66-4B1A-8021-4E36C3495880}.Release|x64.ActiveCfg = Release|Any CPU
		{4F4A7520-1D66-4B1A-8021-4E36C3495880}.Release|x64.Build.0 = Release|Any CPU
		{4F4A7520-1D66-4B1A-8021-4E36C3495880}.Release|x86.ActiveCfg = Release|Any CPU
		{4F4A7520-1D66-4B1A-8021-4E36C3495880}.Release|x86.Build.0 = Release|Any CPU
		{3CAB8EEC-E845-4839-9938-674A3084B0EB}.Debug|Any CPU.ActiveCfg = Debug|Any CPU
		{3CAB8EEC-E845-4839-9938-674A3084B0EB}.Debug|Any CPU.Build.0 = Debug|Any CPU
		{3CAB8EEC-E845-4839-9938-674A3084B0EB}.Debug|x64.ActiveCfg = Debug|Any CPU
		{3CAB8EEC-E845-4839-9938-674A3084B0EB}.Debug|x64.Build.0 = Debug|Any CPU
		{3CAB8EEC-E845-4839-9938-674A3084B0EB}.Debug|x86.ActiveCfg = Debug|Any CPU
		{3CAB8EEC-E845-4839-9938-674A3084B0EB}.Debug|x86.Build.0 = Debug|Any CPU
		{3CAB8EEC-E845-4839-9938-674A3084B0EB}.Release|Any CPU.ActiveCfg = Release|Any CPU
		{3CAB8EEC-E845-4839-9938-674A3084B0EB}.Release|Any CPU.Build.0 = Release|Any CPU
		{3CAB8EEC-E845-4839-9938-674A3084B0EB}.Release|x64.ActiveCfg = Release|Any CPU
		{3CAB8EEC-E845-4839-9938-674A3084B0EB}.Release|x64.Build.0 = Release|Any CPU
		{3CAB8EEC-E845-4839-9938-674A3084B0EB}.Release|x86.ActiveCfg = Release|Any CPU
		{3CAB8EEC-E845-4839-9938-674A3084B0EB}.Release|x86.Build.0 = Release|Any CPU
		{32090C12-D410-4B2D-A2FC-F72A43395399}.Debug|Any CPU.ActiveCfg = Debug|Any CPU
		{32090C12-D410-4B2D-A2FC-F72A43395399}.Debug|Any CPU.Build.0 = Debug|Any CPU
		{32090C12-D410-4B2D-A2FC-F72A43395399}.Debug|x64.ActiveCfg = Debug|Any CPU
		{32090C12-D410-4B2D-A2FC-F72A43395399}.Debug|x64.Build.0 = Debug|Any CPU
		{32090C12-D410-4B2D-A2FC-F72A43395399}.Debug|x86.ActiveCfg = Debug|Any CPU
		{32090C12-D410-4B2D-A2FC-F72A43395399}.Debug|x86.Build.0 = Debug|Any CPU
		{32090C12-D410-4B2D-A2FC-F72A43395399}.Release|Any CPU.ActiveCfg = Release|Any CPU
		{32090C12-D410-4B2D-A2FC-F72A43395399}.Release|Any CPU.Build.0 = Release|Any CPU
		{32090C12-D410-4B2D-A2FC-F72A43395399}.Release|x64.ActiveCfg = Release|Any CPU
		{32090C12-D410-4B2D-A2FC-F72A43395399}.Release|x64.Build.0 = Release|Any CPU
		{32090C12-D410-4B2D-A2FC-F72A43395399}.Release|x86.ActiveCfg = Release|Any CPU
		{32090C12-D410-4B2D-A2FC-F72A43395399}.Release|x86.Build.0 = Release|Any CPU
	EndGlobalSection
	GlobalSection(SolutionProperties) = preSolution
		HideSolutionNode = FALSE
	EndGlobalSection
EndGlobal

